
Microsoft Visual Studio Solution File, Format Version 12.00
# Visual Studio Version 16
VisualStudioVersion = 16.0.30717.126
MinimumVisualStudioVersion = 10.0.40219.1
Project("{FAE04EC0-301F-11D3-BF4B-00C04F79EFBC}") = "HelloWord", "HelloWord\HelloWord.csproj", "{C1B92304-1B41-4B4D-8AC4-E651B97BC538}"
EndProject
Project("{FAE04EC0-301F-11D3-BF4B-00C04F79EFBC}") = "ClassLibrary1", "ClassLibrary1\ClassLibrary1.csproj", "{701389D2-A3E3-42CE-8490-07AD3AB38DD8}"
EndProject
Global
	GlobalSection(SolutionConfigurationPlatforms) = preSolution
		Debug|Any CPU = Debug|Any CPU
		Release|Any CPU = Release|Any CPU
	EndGlobalSection
	GlobalSection(ProjectConfigurationPlatforms) = postSolution
		{C1B92304-1B41-4B4D-8AC4-E651B97BC538}.Debug|Any CPU.ActiveCfg = Debug|Any CPU
		{C1B92304-1B41-4B4D-8AC4-E651B97BC538}.Debug|Any CPU.Build.0 = Debug|Any CPU
		{C1B92304-1B41-4B4D-8AC4-E651B97BC538}.Release|Any CPU.ActiveCfg = Release|Any CPU
		{C1B92304-1B41-4B4D-8AC4-E651B97BC538}.Release|Any CPU.Build.0 = Release|Any CPU
		{701389D2-A3E3-42CE-8490-07AD3AB38DD8}.Debug|Any CPU.ActiveCfg = Debug|Any CPU
		{701389D2-A3E3-42CE-8490-07AD3AB38DD8}.Debug|Any CPU.Build.0 = Debug|Any CPU
		{701389D2-A3E3-42CE-8490-07AD3AB38DD8}.Release|Any CPU.ActiveCfg = Release|Any CPU
		{701389D2-A3E3-42CE-8490-07AD3AB38DD8}.Release|Any CPU.Build.0 = Release|Any CPU
	EndGlobalSection
	GlobalSection(SolutionProperties) = preSolution
		HideSolutionNode = FALSE
	EndGlobalSection
	GlobalSection(ExtensibilityGlobals) = postSolution
		SolutionGuid = {05B05E45-90AD-4005-B96F-3B23F4345DF7}
	EndGlobalSection
EndGlobal
